
Microsoft Visual Studio Solution File, Format Version 12.00
# Visual Studio Version 17
VisualStudioVersion = 17.11.35312.102
MinimumVisualStudioVersion = 10.0.40219.1
Project("{9A19103F-16F7-4668-BE54-9A1E7A4F7556}") = "Bankomat", "Bankomat.csproj", "{3B7D8970-2F45-47CE-8330-3D15A7A1DA27}"
EndProject
Project("{2150E333-8FDC-42A3-9474-1A3956D46DE8}") = "Solution Items", "Solution Items", "{AB1E2832-64AE-48BB-91E0-B71F4179C9C0}"
	ProjectSection(SolutionItems) = preProject
		BankomatFunctions.cs = BankomatFunctions.cs
	EndProjectSection
EndProject
Global
	GlobalSection(SolutionConfigurationPlatforms) = preSolution
		Debug|Any CPU = Debug|Any CPU
		Release|Any CPU = Release|Any CPU
	EndGlobalSection
	GlobalSection(ProjectConfigurationPlatforms) = postSolution
		{3B7D8970-2F45-47CE-8330-3D15A7A1DA27}.Debug|Any CPU.ActiveCfg = Debug|Any CPU
		{3B7D8970-2F45-47CE-8330-3D15A7A1DA27}.Debug|Any CPU.Build.0 = Debug|Any CPU
		{3B7D8970-2F45-47CE-8330-3D15A7A1DA27}.Release|Any CPU.ActiveCfg = Release|Any CPU
		{3B7D8970-2F45-47CE-8330-3D15A7A1DA27}.Release|Any CPU.Build.0 = Release|Any CPU
	EndGlobalSection
	GlobalSection(SolutionProperties) = preSolution
		HideSolutionNode = FALSE
	EndGlobalSection
	GlobalSection(ExtensibilityGlobals) = postSolution
		SolutionGuid = {2D9E27C8-FD3D-4208-9D18-FE7BDEEFE634}
	EndGlobalSection
EndGlobal
